<?xml version="1.0" encoding="utf-8"?>
<Project ToolsVersion="4.0" xmlns="http://schemas.microsoft.com/developer/msbuild/2003">
  <ItemGroup>
    <CudaCompile Include="kernel.cu" />
    <CudaCompile Include="Solver.cu">
      <Filter>Solver</Filter>
    </CudaCompile>
  </ItemGroup>
  <ItemGroup>
    <Filter Include="Resources">
      <UniqueIdentifier>{61ad7f72-f4f4-4194-8a6f-6f955f39a88f}</UniqueIdentifier>
      <Extensions>.xml</Extensions>
    </Filter>
    <Filter Include="XModel">
      <UniqueIdentifier>{a80ea312-14f7-4adb-b3b8-400760bb83e6}</UniqueIdentifier>
    </Filter>
    <Filter Include="CudaModel">
      <UniqueIdentifier>{4d38c3ab-a37b-45e8-a952-0d79edf6ba47}</UniqueIdentifier>
    </Filter>
    <Filter Include="Solver">
      <UniqueIdentifier>{c2b7c005-b222-4397-8b9a-9248dfba9e46}</UniqueIdentifier>
    </Filter>
  </ItemGroup>
  <ItemGroup>
    <Xml Include="queens-4_ext.xml">
      <Filter>Resources</Filter>
    </Xml>
    <Xml Include="queens-12_ext.xml">
      <Filter>Resources</Filter>
    </Xml>
    <Xml Include="XMLFile.xml">
      <Filter>Resources</Filter>
    </Xml>
    <Xml Include="XMLFileNeg.xml">
      <Filter>Resources</Filter>
    </Xml>
    <Xml Include="XMLFileNeg2.xml">
      <Filter>Resources</Filter>
    </Xml>
    <Xml Include="BMPath.xml">
      <Filter>Resources</Filter>
    </Xml>
    <Xml Include="queens-12.xml">
      <Filter>Resources</Filter>
    </Xml>
  </ItemGroup>
  <ItemGroup>
    <ClInclude Include="cuda_sac.cuh">
      <Filter>CudaModel</Filter>
    </ClInclude>
    <ClInclude Include="CPUSolver.h">
      <Filter>Solver</Filter>
    </ClInclude>
    <ClInclude Include="Solver.cuh">
      <Filter>Solver</Filter>
    </ClInclude>
  </ItemGroup>
  <ItemGroup>
    <ClCompile Include="CPUSolver.cpp">
      <Filter>Solver</Filter>
    </ClCompile>
  </ItemGroup>
</Project>